
Microsoft Visual Studio Solution File, Format Version 12.00
# Visual Studio 2012
Project("{FAE04EC0-301F-11D3-BF4B-00C04F79EFBC}") = "ExperimentMoq", "ExperimentMoq\ExperimentMoq.csproj", "{339B34D9-E73C-46C3-AF9A-BBD23F2A0F0E}"
EndProject
Project("{FAE04EC0-301F-11D3-BF4B-00C04F79EFBC}") = "ExperimentMoq.Test", "ExperimentMoq.Test\ExperimentMoq.Test.csproj", "{0CF31EB7-4608-40F8-9E42-D237B9973557}"
EndProject
Project("{2150E333-8FDC-42A3-9474-1A3956D46DE8}") = ".nuget", ".nuget", "{F47B276F-EEF2-4A86-97CA-C679608C74A7}"
	ProjectSection(SolutionItems) = preProject
		.nuget\NuGet.Config = .nuget\NuGet.Config
		.nuget\NuGet.exe = .nuget\NuGet.exe
		.nuget\NuGet.targets = .nuget\NuGet.targets
	EndProjectSection
EndProject
Global
	GlobalSection(SolutionConfigurationPlatforms) = preSolution
		Debug|Any CPU = Debug|Any CPU
		Release|Any CPU = Release|Any CPU
	EndGlobalSection
	GlobalSection(ProjectConfigurationPlatforms) = postSolution
		{339B34D9-E73C-46C3-AF9A-BBD23F2A0F0E}.Debug|Any CPU.ActiveCfg = Debug|Any CPU
		{339B34D9-E73C-46C3-AF9A-BBD23F2A0F0E}.Debug|Any CPU.Build.0 = Debug|Any CPU
		{339B34D9-E73C-46C3-AF9A-BBD23F2A0F0E}.Release|Any CPU.ActiveCfg = Release|Any CPU
		{339B34D9-E73C-46C3-AF9A-BBD23F2A0F0E}.Release|Any CPU.Build.0 = Release|Any CPU
		{0CF31EB7-4608-40F8-9E42-D237B9973557}.Debug|Any CPU.ActiveCfg = Debug|Any CPU
		{0CF31EB7-4608-40F8-9E42-D237B9973557}.Debug|Any CPU.Build.0 = Debug|Any CPU
		{0CF31EB7-4608-40F8-9E42-D237B9973557}.Release|Any CPU.ActiveCfg = Release|Any CPU
		{0CF31EB7-4608-40F8-9E42-D237B9973557}.Release|Any CPU.Build.0 = Release|Any CPU
	EndGlobalSection
	GlobalSection(SolutionProperties) = preSolution
		HideSolutionNode = FALSE
	EndGlobalSection
EndGlobal
